
Microsoft Visual Studio Solution File, Format Version 12.00
# Visual Studio Version 16
VisualStudioVersion = 16.0.29709.97
MinimumVisualStudioVersion = 10.0.40219.1
Project("{9A19103F-16F7-4668-BE54-9A1E7A4F7556}") = "GEP", "GEP.csproj", "{D027E1D4-B567-4CF7-BA5C-5B126A880E54}"
EndProject
Project("{2150E333-8FDC-42A3-9474-1A3956D46DE8}") = "NewFolder1", "NewFolder1", "{02C19E71-7846-452E-852D-1F6D2AC84F8C}"
EndProject
Project("{9092AA53-FB77-4645-B42D-1CCCA6BD08BD}") = "MailServer", "..\MailServer\MailServer.njsproj", "{F609C7AB-9DE5-4F6A-B05E-75AF90D09587}"
EndProject
Global
	GlobalSection(SolutionConfigurationPlatforms) = preSolution
		Debug|Any CPU = Debug|Any CPU
		Release|Any CPU = Release|Any CPU
	EndGlobalSection
	GlobalSection(ProjectConfigurationPlatforms) = postSolution
		{D027E1D4-B567-4CF7-BA5C-5B126A880E54}.Debug|Any CPU.ActiveCfg = Debug|Any CPU
		{D027E1D4-B567-4CF7-BA5C-5B126A880E54}.Debug|Any CPU.Build.0 = Debug|Any CPU
		{D027E1D4-B567-4CF7-BA5C-5B126A880E54}.Release|Any CPU.ActiveCfg = Release|Any CPU
		{D027E1D4-B567-4CF7-BA5C-5B126A880E54}.Release|Any CPU.Build.0 = Release|Any CPU
		{F609C7AB-9DE5-4F6A-B05E-75AF90D09587}.Debug|Any CPU.ActiveCfg = Debug|Any CPU
		{F609C7AB-9DE5-4F6A-B05E-75AF90D09587}.Debug|Any CPU.Build.0 = Debug|Any CPU
		{F609C7AB-9DE5-4F6A-B05E-75AF90D09587}.Release|Any CPU.ActiveCfg = Release|Any CPU
		{F609C7AB-9DE5-4F6A-B05E-75AF90D09587}.Release|Any CPU.Build.0 = Release|Any CPU
	EndGlobalSection
	GlobalSection(SolutionProperties) = preSolution
		HideSolutionNode = FALSE
	EndGlobalSection
	GlobalSection(ExtensibilityGlobals) = postSolution
		SolutionGuid = {524D02EB-F54D-4E69-ACA9-F1D89AD289C8}
	EndGlobalSection
EndGlobal
